
Microsoft Visual Studio Solution File, Format Version 12.00
# Visual Studio Version 17
VisualStudioVersion = 17.9.34607.119
MinimumVisualStudioVersion = 10.0.40219.1
Project("{FAE04EC0-301F-11D3-BF4B-00C04F79EFBC}") = "TelephoneCompanyApp", "TelephoneCompanyApp.csproj", "{16ABB3C1-48D8-4219-B2C8-6C83C7C89447}"
EndProject
Global
	GlobalSection(SolutionConfigurationPlatforms) = preSolution
		Debug|Any CPU = Debug|Any CPU
		Release|Any CPU = Release|Any CPU
	EndGlobalSection
	GlobalSection(ProjectConfigurationPlatforms) = postSolution
		{16ABB3C1-48D8-4219-B2C8-6C83C7C89447}.Debug|Any CPU.ActiveCfg = Debug|Any CPU
		{16ABB3C1-48D8-4219-B2C8-6C83C7C89447}.Debug|Any CPU.Build.0 = Debug|Any CPU
		{16ABB3C1-48D8-4219-B2C8-6C83C7C89447}.Release|Any CPU.ActiveCfg = Release|Any CPU
		{16ABB3C1-48D8-4219-B2C8-6C83C7C89447}.Release|Any CPU.Build.0 = Release|Any CPU
	EndGlobalSection
	GlobalSection(SolutionProperties) = preSolution
		HideSolutionNode = FALSE
	EndGlobalSection
	GlobalSection(ExtensibilityGlobals) = postSolution
		SolutionGuid = {630A057F-87CC-426B-93F8-16E70AB7A87D}
	EndGlobalSection
EndGlobal
